
Microsoft Visual Studio Solution File, Format Version 12.00
# Visual Studio 15
VisualStudioVersion = 15.0.27004.2002
MinimumVisualStudioVersion = 10.0.40219.1
Project("{FAE04EC0-301F-11D3-BF4B-00C04F79EFBC}") = "PMBotApplication", "PMBotApplication\PMBotApplication.csproj", "{57675CBA-3C28-4C57-8AFB-41896776091F}"
EndProject
Global
	GlobalSection(SolutionConfigurationPlatforms) = preSolution
		Debug|Any CPU = Debug|Any CPU
		Release|Any CPU = Release|Any CPU
	EndGlobalSection
	GlobalSection(ProjectConfigurationPlatforms) = postSolution
		{57675CBA-3C28-4C57-8AFB-41896776091F}.Debug|Any CPU.ActiveCfg = Debug|Any CPU
		{57675CBA-3C28-4C57-8AFB-41896776091F}.Debug|Any CPU.Build.0 = Debug|Any CPU
		{57675CBA-3C28-4C57-8AFB-41896776091F}.Release|Any CPU.ActiveCfg = Release|Any CPU
		{57675CBA-3C28-4C57-8AFB-41896776091F}.Release|Any CPU.Build.0 = Release|Any CPU
	EndGlobalSection
	GlobalSection(SolutionProperties) = preSolution
		HideSolutionNode = FALSE
	EndGlobalSection
	GlobalSection(ExtensibilityGlobals) = postSolution
		SolutionGuid = {C919ED00-836C-4B5A-A05D-6B3A3F42CC34}
	EndGlobalSection
EndGlobal
